
Microsoft Visual Studio Solution File, Format Version 12.00
# Visual Studio 15
Project("{FAE04EC0-301F-11D3-BF4B-00C04F79EFBC}") = "ImageInfo", "ImageInfo\ImageInfo.csproj", "{5EEE81D7-183A-4918-8475-701444075690}"
EndProject
Project("{FAE04EC0-301F-11D3-BF4B-00C04F79EFBC}") = "ImageRotate", "ImageRotate\ImageRotate.csproj", "{D0871834-8075-4C63-AD52-DAA31B8BB118}"
EndProject
Project("{FAE04EC0-301F-11D3-BF4B-00C04F79EFBC}") = "ImageFlip", "ImageFlip\ImageFlip.csproj", "{A0A5D44D-BBD6-4562-B088-45A12AE30A08}"
EndProject
Global
	GlobalSection(SolutionConfigurationPlatforms) = preSolution
		Debug|Any CPU = Debug|Any CPU
		Release|Any CPU = Release|Any CPU
	EndGlobalSection
	GlobalSection(ProjectConfigurationPlatforms) = postSolution
		{5EEE81D7-183A-4918-8475-701444075690}.Debug|Any CPU.ActiveCfg = Debug|Any CPU
		{5EEE81D7-183A-4918-8475-701444075690}.Debug|Any CPU.Build.0 = Debug|Any CPU
		{5EEE81D7-183A-4918-8475-701444075690}.Release|Any CPU.ActiveCfg = Release|Any CPU
		{5EEE81D7-183A-4918-8475-701444075690}.Release|Any CPU.Build.0 = Release|Any CPU
		{D0871834-8075-4C63-AD52-DAA31B8BB118}.Debug|Any CPU.ActiveCfg = Debug|Any CPU
		{D0871834-8075-4C63-AD52-DAA31B8BB118}.Debug|Any CPU.Build.0 = Debug|Any CPU
		{D0871834-8075-4C63-AD52-DAA31B8BB118}.Release|Any CPU.ActiveCfg = Release|Any CPU
		{D0871834-8075-4C63-AD52-DAA31B8BB118}.Release|Any CPU.Build.0 = Release|Any CPU
		{A0A5D44D-BBD6-4562-B088-45A12AE30A08}.Debug|Any CPU.ActiveCfg = Debug|Any CPU
		{A0A5D44D-BBD6-4562-B088-45A12AE30A08}.Debug|Any CPU.Build.0 = Debug|Any CPU
		{A0A5D44D-BBD6-4562-B088-45A12AE30A08}.Release|Any CPU.ActiveCfg = Release|Any CPU
		{A0A5D44D-BBD6-4562-B088-45A12AE30A08}.Release|Any CPU.Build.0 = Release|Any CPU
	EndGlobalSection
EndGlobal
